// !$*UTF8*$!
{
	archiveVersion = 1;
	classes = {
	};
	objectVersion = 46;
	objects = {

/* Begin PBXBuildFile section */
		9B837087BB159A92248F9BEF /* Pods_LoginDemo.framework in Frameworks */ = {isa = PBXBuildFile; fileRef = C3AE9258BDB3E0FFD3EA0720 /* Pods_LoginDemo.framework */; };
		FB4F679E1EE1479900B9DEA7 /* AppDelegate.swift in Sources */ = {isa = PBXBuildFile; fileRef = FB4F679D1EE1479900B9DEA7 /* AppDelegate.swift */; };
		FB4F67A31EE1479900B9DEA7 /* Main.storyboard in Resources */ = {isa = PBXBuildFile; fileRef = FB4F67A11EE1479900B9DEA7 /* Main.storyboard */; };
		FB4F67A51EE1479900B9DEA7 /* Assets.xcassets in Resources */ = {isa = PBXBuildFile; fileRef = FB4F67A41EE1479900B9DEA7 /* Assets.xcassets */; };
		FB4F67A81EE1479900B9DEA7 /* LaunchScreen.storyboard in Resources */ = {isa = PBXBuildFile; fileRef = FB4F67A61EE1479900B9DEA7 /* LaunchScreen.storyboard */; };
		FB4F67B31EE1479900B9DEA7 /* LoginDemoTests.swift in Sources */ = {isa = PBXBuildFile; fileRef = FB4F67B21EE1479900B9DEA7 /* LoginDemoTests.swift */; };
		FB4F67BE1EE1479900B9DEA7 /* LoginDemoUITests.swift in Sources */ = {isa = PBXBuildFile; fileRef = FB4F67BD1EE1479900B9DEA7 /* LoginDemoUITests.swift */; };
		FB4F67CC1EE14B8100B9DEA7 /* TNNetManager.swift in Sources */ = {isa = PBXBuildFile; fileRef = FB4F67CB1EE14B8100B9DEA7 /* TNNetManager.swift */; };
		FBCAAEBC1F0C8E88002938B7 /* TNLoginViewController.swift in Sources */ = {isa = PBXBuildFile; fileRef = FBCAAEBB1F0C8E88002938B7 /* TNLoginViewController.swift */; };
		FBCAAEC01F0C9260002938B7 /* img_material_m48@2x.png in Resources */ = {isa = PBXBuildFile; fileRef = FBCAAEBE1F0C9260002938B7 /* img_material_m48@2x.png */; };
		FBCAAEC11F0C9260002938B7 /* img_material_m48@3x.png in Resources */ = {isa = PBXBuildFile; fileRef = FBCAAEBF1F0C9260002938B7 /* img_material_m48@3x.png */; };
		FBCAAEC31F0C9813002938B7 /* UIColor+RGB.swift in Sources */ = {isa = PBXBuildFile; fileRef = FBCAAEC21F0C9813002938B7 /* UIColor+RGB.swift */; };
/* End PBXBuildFile section */

/* Begin PBXContainerItemProxy section */
		FB4F67AF1EE1479900B9DEA7 /* PBXContainerItemProxy */ = {
			isa = PBXContainerItemProxy;
			containerPortal = FB4F67921EE1479900B9DEA7 /* Project object */;
			proxyType = 1;
			remoteGlobalIDString = FB4F67991EE1479900B9DEA7;
			remoteInfo = LoginDemo;
		};
		FB4F67BA1EE1479900B9DEA7 /* PBXContainerItemProxy */ = {
			isa = PBXContainerItemProxy;
			containerPortal = FB4F67921EE1479900B9DEA7 /* Project object */;
			proxyType = 1;
			remoteGlobalIDString = FB4F67991EE1479900B9DEA7;
			remoteInfo = LoginDemo;
		};
/* End PBXContainerItemProxy section */

/* Begin PBXFileReference section */
		452F8A3C19E7D463E87B01CA /* Pods-LoginDemo.debug.xcconfig */ = {isa = PBXFileReference; includeInIndex = 1; lastKnownFileType = text.xcconfig; name = "Pods-LoginDemo.debug.xcconfig"; path = "Pods/Target Support Files/Pods-LoginDemo/Pods-LoginDemo.debug.xcconfig"; sourceTree = "<group>"; };
		C3AE9258BDB3E0FFD3EA0720 /* Pods_LoginDemo.framework */ = {isa = PBXFileReference; explicitFileType = wrapper.framework; includeInIndex = 0; path = Pods_LoginDemo.framework; sourceTree = BUILT_PRODUCTS_DIR; };
		F38807945CEAAE35E8ED5EF7 /* Pods-LoginDemo.release.xcconfig */ = {isa = PBXFileReference; includeInIndex = 1; lastKnownFileType = text.xcconfig; name = "Pods-LoginDemo.release.xcconfig"; path = "Pods/Target Support Files/Pods-LoginDemo/Pods-LoginDemo.release.xcconfig"; sourceTree = "<group>"; };
		FB4F679A1EE1479900B9DEA7 /* LoginDemo.app */ = {isa = PBXFileReference; explicitFileType = wrapper.application; includeInIndex = 0; path = LoginDemo.app; sourceTree = BUILT_PRODUCTS_DIR; };
		FB4F679D1EE1479900B9DEA7 /* AppDelegate.swift */ = {isa = PBXFileReference; lastKnownFileType = sourcecode.swift; path = AppDelegate.swift; sourceTree = "<group>"; };
		FB4F67A21EE1479900B9DEA7 /* Base */ = {isa = PBXFileReference; lastKnownFileType = file.storyboard; name = Base; path = Base.lproj/Main.storyboard; sourceTree = "<group>"; };
		FB4F67A41EE1479900B9DEA7 /* Assets.xcassets */ = {isa = PBXFileReference; lastKnownFileType = folder.assetcatalog; path = Assets.xcassets; sourceTree = "<group>"; };
		FB4F67A71EE1479900B9DEA7 /* Base */ = {isa = PBXFileReference; lastKnownFileType = file.storyboard; name = Base; path = Base.lproj/LaunchScreen.storyboard; sourceTree = "<group>"; };
		FB4F67A91EE1479900B9DEA7 /* Info.plist */ = {isa = PBXFileReference; lastKnownFileType = text.plist.xml; path = Info.plist; sourceTree = "<group>"; };
		FB4F67AE1EE1479900B9DEA7 /* LoginDemoTests.xctest */ = {isa = PBXFileReference; explicitFileType = wrapper.cfbundle; includeInIndex = 0; path = LoginDemoTests.xctest; sourceTree = BUILT_PRODUCTS_DIR; };
		FB4F67B21EE1479900B9DEA7 /* LoginDemoTests.swift */ = {isa = PBXFileReference; lastKnownFileType = sourcecode.swift; path = LoginDemoTests.swift; sourceTree = "<group>"; };
		FB4F67B41EE1479900B9DEA7 /* Info.plist */ = {isa = PBXFileReference; lastKnownFileType = text.plist.xml; path = Info.plist; sourceTree = "<group>"; };
		FB4F67B91EE1479900B9DEA7 /* LoginDemoUITests.xctest */ = {isa = PBXFileReference; explicitFileType = wrapper.cfbundle; includeInIndex = 0; path = LoginDemoUITests.xctest; sourceTree = BUILT_PRODUCTS_DIR; };
		FB4F67BD1EE1479900B9DEA7 /* LoginDemoUITests.swift */ = {isa = PBXFileReference; lastKnownFileType = sourcecode.swift; path = LoginDemoUITests.swift; sourceTree = "<group>"; };
		FB4F67BF1EE1479900B9DEA7 /* Info.plist */ = {isa = PBXFileReference; lastKnownFileType = text.plist.xml; path = Info.plist; sourceTree = "<group>"; };
		FB4F67CB1EE14B8100B9DEA7 /* TNNetManager.swift */ = {isa = PBXFileReference; fileEncoding = 4; lastKnownFileType = sourcecode.swift; path = TNNetManager.swift; sourceTree = "<group>"; };
		FBCAAEBB1F0C8E88002938B7 /* TNLoginViewController.swift */ = {isa = PBXFileReference; fileEncoding = 4; lastKnownFileType = sourcecode.swift; path = TNLoginViewController.swift; sourceTree = "<group>"; };
		FBCAAEBE1F0C9260002938B7 /* img_material_m48@2x.png */ = {isa = PBXFileReference; lastKnownFileType = image.png; path = "img_material_m48@2x.png"; sourceTree = "<group>"; };
		FBCAAEBF1F0C9260002938B7 /* img_material_m48@3x.png */ = {isa = PBXFileReference; lastKnownFileType = image.png; path = "img_material_m48@3x.png"; sourceTree = "<group>"; };
		FBCAAEC21F0C9813002938B7 /* UIColor+RGB.swift */ = {isa = PBXFileReference; fileEncoding = 4; lastKnownFileType = sourcecode.swift; path = "UIColor+RGB.swift"; sourceTree = "<group>"; };
/* End PBXFileReference section */

/* Begin PBXFrameworksBuildPhase section */
		FB4F67971EE1479900B9DEA7 /* Frameworks */ = {
			isa = PBXFrameworksBuildPhase;
			buildActionMask = 2147483647;
			files = (
				9B837087BB159A92248F9BEF /* Pods_LoginDemo.framework in Frameworks */,
			);
			runOnlyForDeploymentPostprocessing = 0;
		};
		FB4F67AB1EE1479900B9DEA7 /* Frameworks */ = {
			isa = PBXFrameworksBuildPhase;
			buildActionMask = 2147483647;
			files = (
			);
			runOnlyForDeploymentPostprocessing = 0;
		};
		FB4F67B61EE1479900B9DEA7 /* Frameworks */ = {
			isa = PBXFrameworksBuildPhase;
			buildActionMask = 2147483647;
			files = (
			);
			runOnlyForDeploymentPostprocessing = 0;
		};
/* End PBXFrameworksBuildPhase section */

/* Begin PBXGroup section */
		1448CCAADF101184E8D380AB /* Frameworks */ = {
			isa = PBXGroup;
			children = (
				C3AE9258BDB3E0FFD3EA0720 /* Pods_LoginDemo.framework */,
			);
			name = Frameworks;
			sourceTree = "<group>";
		};
		8BA557B07280B0BF11C8F6F8 /* Pods */ = {
			isa = PBXGroup;
			children = (
				452F8A3C19E7D463E87B01CA /* Pods-LoginDemo.debug.xcconfig */,
				F38807945CEAAE35E8ED5EF7 /* Pods-LoginDemo.release.xcconfig */,
			);
			name = Pods;
			sourceTree = "<group>";
		};
		FB4F67911EE1479900B9DEA7 = {
			isa = PBXGroup;
			children = (
				FB4F679C1EE1479900B9DEA7 /* LoginDemo */,
				FB4F67B11EE1479900B9DEA7 /* LoginDemoTests */,
				FB4F67BC1EE1479900B9DEA7 /* LoginDemoUITests */,
				FB4F679B1EE1479900B9DEA7 /* Products */,
				8BA557B07280B0BF11C8F6F8 /* Pods */,
				1448CCAADF101184E8D380AB /* Frameworks */,
			);
			sourceTree = "<group>";
		};
		FB4F679B1EE1479900B9DEA7 /* Products */ = {
			isa = PBXGroup;
			children = (
				FB4F679A1EE1479900B9DEA7 /* LoginDemo.app */,
				FB4F67AE1EE1479900B9DEA7 /* LoginDemoTests.xctest */,
				FB4F67B91EE1479900B9DEA7 /* LoginDemoUITests.xctest */,
			);
			name = Products;
			sourceTree = "<group>";
		};
		FB4F679C1EE1479900B9DEA7 /* LoginDemo */ = {
			isa = PBXGroup;
			children = (
				FB4F679D1EE1479900B9DEA7 /* AppDelegate.swift */,
				FBCAAEBB1F0C8E88002938B7 /* TNLoginViewController.swift */,
				FBCAAEC21F0C9813002938B7 /* UIColor+RGB.swift */,
				FB4F67CB1EE14B8100B9DEA7 /* TNNetManager.swift */,
				FBCAAEBD1F0C9260002938B7 /* Resources */,
				FB4F67A11EE1479900B9DEA7 /* Main.storyboard */,
				FB4F67A41EE1479900B9DEA7 /* Assets.xcassets */,
				FB4F67A61EE1479900B9DEA7 /* LaunchScreen.storyboard */,
				FB4F67A91EE1479900B9DEA7 /* Info.plist */,
			);
			path = LoginDemo;
			sourceTree = "<group>";
		};
		FB4F67B11EE1479900B9DEA7 /* LoginDemoTests */ = {
			isa = PBXGroup;
			children = (
				FB4F67B21EE1479900B9DEA7 /* LoginDemoTests.swift */,
				FB4F67B41EE1479900B9DEA7 /* Info.plist */,
			);
			path = LoginDemoTests;
			sourceTree = "<group>";
		};
		FB4F67BC1EE1479900B9DEA7 /* LoginDemoUITests */ = {
			isa = PBXGroup;
			children = (
				FB4F67BD1EE1479900B9DEA7 /* LoginDemoUITests.swift */,
				FB4F67BF1EE1479900B9DEA7 /* Info.plist */,
			);
			path = LoginDemoUITests;
			sourceTree = "<group>";
		};
		FBCAAEBD1F0C9260002938B7 /* Resources */ = {
			isa = PBXGroup;
			children = (
				FBCAAEBE1F0C9260002938B7 /* img_material_m48@2x.png */,
				FBCAAEBF1F0C9260002938B7 /* img_material_m48@3x.png */,
			);
			path = Resources;
			sourceTree = "<group>";
		};
/* End PBXGroup section */

/* Begin PBXNativeTarget section */
		FB4F67991EE1479900B9DEA7 /* LoginDemo */ = {
			isa = PBXNativeTarget;
			buildConfigurationList = FB4F67C21EE1479900B9DEA7 /* Build configuration list for PBXNativeTarget "LoginDemo" */;
			buildPhases = (
				01165E217B2985A345A03044 /* [CP] Check Pods Manifest.lock */,
				FB4F67961EE1479900B9DEA7 /* Sources */,
				FB4F67971EE1479900B9DEA7 /* Frameworks */,
				FB4F67981EE1479900B9DEA7 /* Resources */,
				4D748F95061C8D04B1D2A7F2 /* [CP] Embed Pods Frameworks */,
				D019C9947785F3D91E5709FA /* [CP] Copy Pods Resources */,
			);
			buildRules = (
			);
			dependencies = (
			);
			name = LoginDemo;
			productName = LoginDemo;
			productReference = FB4F679A1EE1479900B9DEA7 /* LoginDemo.app */;
			productType = "com.apple.product-type.application";
		};
		FB4F67AD1EE1479900B9DEA7 /* LoginDemoTests */ = {
			isa = PBXNativeTarget;
			buildConfigurationList = FB4F67C51EE1479900B9DEA7 /* Build configuration list for PBXNativeTarget "LoginDemoTests" */;
			buildPhases = (
				FB4F67AA1EE1479900B9DEA7 /* Sources */,
				FB4F67AB1EE1479900B9DEA7 /* Frameworks */,
				FB4F67AC1EE1479900B9DEA7 /* Resources */,
			);
			buildRules = (
			);
			dependencies = (
				FB4F67B01EE1479900B9DEA7 /* PBXTargetDependency */,
			);
			name = LoginDemoTests;
			productName = LoginDemoTests;
			productReference = FB4F67AE1EE1479900B9DEA7 /* LoginDemoTests.xctest */;
			productType = "com.apple.product-type.bundle.unit-test";
		};
		FB4F67B81EE1479900B9DEA7 /* LoginDemoUITests */ = {
			isa = PBXNativeTarget;
			buildConfigurationList = FB4F67C81EE1479900B9DEA7 /* Build configuration list for PBXNativeTarget "LoginDemoUITests" */;
			buildPhases = (
				FB4F67B51EE1479900B9DEA7 /* Sources */,
				FB4F67B61EE1479900B9DEA7 /* Frameworks */,
				FB4F67B71EE1479900B9DEA7 /* Resources */,
			);
			buildRules = (
			);
			dependencies = (
				FB4F67BB1EE1479900B9DEA7 /* PBXTargetDependency */,
			);
			name = LoginDemoUITests;
			productName = LoginDemoUITests;
			productReference = FB4F67B91EE1479900B9DEA7 /* LoginDemoUITests.xctest */;
			productType = "com.apple.product-type.bundle.ui-testing";
		};
/* End PBXNativeTarget section */

/* Begin PBXProject section */
		FB4F67921EE1479900B9DEA7 /* Project object */ = {
			isa = PBXProject;
			attributes = {
				LastSwiftUpdateCheck = 0830;
				LastUpgradeCheck = 0830;
				ORGANIZATIONNAME = "杜志坚";
				TargetAttributes = {
					FB4F67991EE1479900B9DEA7 = {
						CreatedOnToolsVersion = 8.3;
						DevelopmentTeam = Q8U4HNGC2V;
						ProvisioningStyle = Automatic;
					};
					FB4F67AD1EE1479900B9DEA7 = {
						CreatedOnToolsVersion = 8.3;
						DevelopmentTeam = Q8U4HNGC2V;
						ProvisioningStyle = Automatic;
						TestTargetID = FB4F67991EE1479900B9DEA7;
					};
					FB4F67B81EE1479900B9DEA7 = {
						CreatedOnToolsVersion = 8.3;
						DevelopmentTeam = Q8U4HNGC2V;
						ProvisioningStyle = Automatic;
						TestTargetID = FB4F67991EE1479900B9DEA7;
					};
				};
			};
			buildConfigurationList = FB4F67951EE1479900B9DEA7 /* Build configuration list for PBXProject "LoginDemo" */;
			compatibilityVersion = "Xcode 3.2";
			developmentRegion = English;
			hasScannedForEncodings = 0;
			knownRegions = (
				en,
				Base,
			);
			mainGroup = FB4F67911EE1479900B9DEA7;
			productRefGroup = FB4F679B1EE1479900B9DEA7 /* Products */;
			projectDirPath = "";
			projectRoot = "";
			targets = (
				FB4F67991EE1479900B9DEA7 /* LoginDemo */,
				FB4F67AD1EE1479900B9DEA7 /* LoginDemoTests */,
				FB4F67B81EE1479900B9DEA7 /* LoginDemoUITests */,
			);
		};
/* End PBXProject section */

/* Begin PBXResourcesBuildPhase section */
		FB4F67981EE1479900B9DEA7 /* Resources */ = {
			isa = PBXResourcesBuildPhase;
			buildActionMask = 2147483647;
			files = (
				FB4F67A81EE1479900B9DEA7 /* LaunchScreen.storyboard in Resources */,
				FB4F67A51EE1479900B9DEA7 /* Assets.xcassets in Resources */,
				FB4F67A31EE1479900B9DEA7 /* Main.storyboard in Resources */,
				FBCAAEC11F0C9260002938B7 /* img_material_m48@3x.png in Resources */,
				FBCAAEC01F0C9260002938B7 /* img_material_m48@2x.png in Resources */,
			);
			runOnlyForDeploymentPostprocessing = 0;
		};
		FB4F67AC1EE1479900B9DEA7 /* Resources */ = {
			isa = PBXResourcesBuildPhase;
			buildActionMask = 2147483647;
			files = (
			);
			runOnlyForDeploymentPostprocessing = 0;
		};
		FB4F67B71EE1479900B9DEA7 /* Resources */ = {
			isa = PBXResourcesBuildPhase;
			buildActionMask = 2147483647;
			files = (
			);
			runOnlyForDeploymentPostprocessing = 0;
		};
/* End PBXResourcesBuildPhase section */

/* Begin PBXShellScriptBuildPhase section */
		01165E217B2985A345A03044 /* [CP] Check Pods Manifest.lock */ = {
			isa = PBXShellScriptBuildPhase;
			buildActionMask = 2147483647;
			files = (
			);
			inputPaths = (
			);
			name = "[CP] Check Pods Manifest.lock";
			outputPaths = (
			);
			runOnlyForDeploymentPostprocessing = 0;
			shellPath = /bin/sh;
			shellScript = "diff \"${PODS_PODFILE_DIR_PATH}/Podfile.lock\" \"${PODS_ROOT}/Manifest.lock\" > /dev/null\nif [ $? != 0 ] ; then\n    # print error to STDERR\n    echo \"error: The sandbox is not in sync with the Podfile.lock. Run 'pod install' or update your CocoaPods installation.\" >&2\n    exit 1\nfi\n";
			showEnvVarsInLog = 0;
		};
		4D748F95061C8D04B1D2A7F2 /* [CP] Embed Pods Frameworks */ = {
			isa = PBXShellScriptBuildPhase;
			buildActionMask = 2147483647;
			files = (
			);
			inputPaths = (
			);
			name = "[CP] Embed Pods Frameworks";
			outputPaths = (
			);
			runOnlyForDeploymentPostprocessing = 0;
			shellPath = /bin/sh;
			shellScript = "\"${SRCROOT}/Pods/Target Support Files/Pods-LoginDemo/Pods-LoginDemo-frameworks.sh\"\n";
			showEnvVarsInLog = 0;
		};
		D019C9947785F3D91E5709FA /* [CP] Copy Pods Resources */ = {
			isa = PBXShellScriptBuildPhase;
			buildActionMask = 2147483647;
			files = (
			);
			inputPaths = (
			);
			name = "[CP] Copy Pods Resources";
			outputPaths = (
			);
			runOnlyForDeploymentPostprocessing = 0;
			shellPath = /bin/sh;
			shellScript = "\"${SRCROOT}/Pods/Target Support Files/Pods-LoginDemo/Pods-LoginDemo-resources.sh\"\n";
			showEnvVarsInLog = 0;
		};
/* End PBXShellScriptBuildPhase section */

/* Begin PBXSourcesBuildPhase section */
		FB4F67961EE1479900B9DEA7 /* Sources */ = {
			isa = PBXSourcesBuildPhase;
			buildActionMask = 2147483647;
			files = (
				FBCAAEBC1F0C8E88002938B7 /* TNLoginViewController.swift in Sources */,
				FB4F67CC1EE14B8100B9DEA7 /* TNNetManager.swift in Sources */,
				FB4F679E1EE1479900B9DEA7 /* AppDelegate.swift in Sources */,
				FBCAAEC31F0C9813002938B7 /* UIColor+RGB.swift in Sources */,
			);
			runOnlyForDeploymentPostprocessing = 0;
		};
		FB4F67AA1EE1479900B9DEA7 /* Sources */ = {
			isa = PBXSourcesBuildPhase;
			buildActionMask = 2147483647;
			files = (
				FB4F67B31EE1479900B9DEA7 /* LoginDemoTests.swift in Sources */,
			);
			runOnlyForDeploymentPostprocessing = 0;
		};
		FB4F67B51EE1479900B9DEA7 /* Sources */ = {
			isa = PBXSourcesBuildPhase;
			buildActionMask = 2147483647;
			files = (
				FB4F67BE1EE1479900B9DEA7 /* LoginDemoUITests.swift in Sources */,
			);
			runOnlyForDeploymentPostprocessing = 0;
		};
/* End PBXSourcesBuildPhase section */

/* Begin PBXTargetDependency section */
		FB4F67B01EE1479900B9DEA7 /* PBXTargetDependency */ = {
			isa = PBXTargetDependency;
			target = FB4F67991EE1479900B9DEA7 /* LoginDemo */;
			targetProxy = FB4F67AF1EE1479900B9DEA7 /* PBXContainerItemProxy */;
		};
		FB4F67BB1EE1479900B9DEA7 /* PBXTargetDependency */ = {
			isa = PBXTargetDependency;
			target = FB4F67991EE1479900B9DEA7 /* LoginDemo */;
			targetProxy = FB4F67BA1EE1479900B9DEA7 /* PBXContainerItemProxy */;
		};
/* End PBXTargetDependency section */

/* Begin PBXVariantGroup section */
		FB4F67A11EE1479900B9DEA7 /* Main.storyboard */ = {
			isa = PBXVariantGroup;
			children = (
				FB4F67A21EE1479900B9DEA7 /* Base */,
			);
			name = Main.storyboard;
			sourceTree = "<group>";
		};
		FB4F67A61EE1479900B9DEA7 /* LaunchScreen.storyboard */ = {
			isa = PBXVariantGroup;
			children = (
				FB4F67A71EE1479900B9DEA7 /* Base */,
			);
			name = LaunchScreen.storyboard;
			sourceTree = "<group>";
		};
/* End PBXVariantGroup section */

/* Begin XCBuildConfiguration section */
		FB4F67C01EE1479900B9DEA7 /* Debug */ = {
			isa = XCBuildConfiguration;
			buildSettings = {
				ALWAYS_SEARCH_USER_PATHS = NO;
				CLANG_ANALYZER_NONNULL = YES;
				CLANG_ANALYZER_NUMBER_OBJECT_CONVERSION = YES_AGGRESSIVE;
				CLANG_CXX_LANGUAGE_STANDARD = "gnu++0x";
				CLANG_CXX_LIBRARY = "libc++";
				CLANG_ENABLE_MODULES = YES;
				CLANG_ENABLE_OBJC_ARC = YES;
				CLANG_WARN_BOOL_CONVERSION = YES;
				CLANG_WARN_CONSTANT_CONVERSION = YES;
				CLANG_WARN_DIRECT_OBJC_ISA_USAGE = YES_ERROR;
				CLANG_WARN_DOCUMENTATION_COMMENTS = YES;
				CLANG_WARN_EMPTY_BODY = YES;
				CLANG_WARN_ENUM_CONVERSION = YES;
				CLANG_WARN_INFINITE_RECURSION = YES;
				CLANG_WARN_INT_CONVERSION = YES;
				CLANG_WARN_OBJC_ROOT_CLASS = YES_ERROR;
				CLANG_WARN_SUSPICIOUS_MOVE = YES;
				CLANG_WARN_UNREACHABLE_CODE = YES;
				CLANG_WARN__DUPLICATE_METHOD_MATCH = YES;
				"CODE_SIGN_IDENTITY[sdk=iphoneos*]" = "iPhone Developer";
				COPY_PHASE_STRIP = NO;
				DEBUG_INFORMATION_FORMAT = dwarf;
				ENABLE_STRICT_OBJC_MSGSEND = YES;
				ENABLE_TESTABILITY = YES;
				GCC_C_LANGUAGE_STANDARD = gnu99;
				GCC_DYNAMIC_NO_PIC = NO;
				GCC_NO_COMMON_BLOCKS = YES;
				GCC_OPTIMIZATION_LEVEL = 0;
				GCC_PREPROCESSOR_DEFINITIONS = (
					"DEBUG=1",
					"$(inherited)",
				);
				GCC_WARN_64_TO_32_BIT_CONVERSION = YES;
				GCC_WARN_ABOUT_RETURN_TYPE = YES_ERROR;
				GCC_WARN_UNDECLARED_SELECTOR = YES;
				GCC_WARN_UNINITIALIZED_AUTOS = YES_AGGRESSIVE;
				GCC_WARN_UNUSED_FUNCTION = YES;
				GCC_WARN_UNUSED_VARIABLE = YES;
				IPHONEOS_DEPLOYMENT_TARGET = 10.3;
				MTL_ENABLE_DEBUG_INFO = YES;
				ONLY_ACTIVE_ARCH = YES;
				SDKROOT = iphoneos;
				SWIFT_ACTIVE_COMPILATION_CONDITIONS = DEBUG;
				SWIFT_OPTIMIZATION_LEVEL = "-Onone";
				TARGETED_DEVICE_FAMILY = "1,2";
			};
			name = Debug;
		};
		FB4F67C11EE1479900B9DEA7 /* Release */ = {
			isa = XCBuildConfiguration;
			buildSettings = {
				ALWAYS_SEARCH_USER_PATHS = NO;
				CLANG_ANALYZER_NONNULL = YES;
				CLANG_ANALYZER_NUMBER_OBJECT_CONVERSION = YES_AGGRESSIVE;
				CLANG_CXX_LANGUAGE_STANDARD = "gnu++0x";
				CLANG_CXX_LIBRARY = "libc++";
				CLANG_ENABLE_MODULES = YES;
				CLANG_ENABLE_OBJC_ARC = YES;
				CLANG_WARN_BOOL_CONVERSION = YES;
				CLANG_WARN_CONSTANT_CONVERSION = YES;
				CLANG_WARN_DIRECT_OBJC_ISA_USAGE = YES_ERROR;
				CLANG_WARN_DOCUMENTATION_COMMENTS = YES;
				CLANG_WARN_EMPTY_BODY = YES;
				CLANG_WARN_ENUM_CONVERSION = YES;
				CLANG_WARN_INFINITE_RECURSION = YES;
				CLANG_WARN_INT_CONVERSION = YES;
				CLANG_WARN_OBJC_ROOT_CLASS = YES_ERROR;
				CLANG_WARN_SUSPICIOUS_MOVE = YES;
				CLANG_WARN_UNREACHABLE_CODE = YES;
				CLANG_WARN__DUPLICATE_METHOD_MATCH = YES;
				"CODE_SIGN_IDENTITY[sdk=iphoneos*]" = "iPhone Developer";
				COPY_PHASE_STRIP = NO;
				DEBUG_INFORMATION_FORMAT = "dwarf-with-dsym";
				ENABLE_NS_ASSERTIONS = NO;
				ENABLE_STRICT_OBJC_MSGSEND = YES;
				GCC_C_LANGUAGE_STANDARD = gnu99;
				GCC_NO_COMMON_BLOCKS = YES;
				GCC_WARN_64_TO_32_BIT_CONVERSION = YES;
				GCC_WARN_ABOUT_RETURN_TYPE = YES_ERROR;
				GCC_WARN_UNDECLARED_SELECTOR = YES;
				GCC_WARN_UNINITIALIZED_AUTOS = YES_AGGRESSIVE;
				GCC_WARN_UNUSED_FUNCTION = YES;
				GCC_WARN_UNUSED_VARIABLE = YES;
				IPHONEOS_DEPLOYMENT_TARGET = 10.3;
				MTL_ENABLE_DEBUG_INFO = NO;
				SDKROOT = iphoneos;
				SWIFT_OPTIMIZATION_LEVEL = "-Owholemodule";
				TARGETED_DEVICE_FAMILY = "1,2";
				VALIDATE_PRODUCT = YES;
			};
			name = Release;
		};
		FB4F67C31EE1479900B9DEA7 /* Debug */ = {
			isa = XCBuildConfiguration;
			baseConfigurationReference = 452F8A3C19E7D463E87B01CA /* Pods-LoginDemo.debug.xcconfig */;
			buildSettings = {
				ASSETCATALOG_COMPILER_APPICON_NAME = AppIcon;
				DEVELOPMENT_TEAM = Q8U4HNGC2V;
				INFOPLIST_FILE = LoginDemo/Info.plist;
				LD_RUNPATH_SEARCH_PATHS = "$(inherited) @executable_path/Frameworks";
				PRODUCT_BUNDLE_IDENTIFIER = com.syswin.LoginDemo;
				PRODUCT_NAME = "$(TARGET_NAME)";
				SWIFT_VERSION = 3.0;
			};
			name = Debug;
		};
		FB4F67C41EE1479900B9DEA7 /* Release */ = {
			isa = XCBuildConfiguration;
			baseConfigurationReference = F38807945CEAAE35E8ED5EF7 /* Pods-LoginDemo.release.xcconfig */;
			buildSettings = {
				ASSETCATALOG_COMPILER_APPICON_NAME = AppIcon;
				DEVELOPMENT_TEAM = Q8U4HNGC2V;
				INFOPLIST_FILE = LoginDemo/Info.plist;
				LD_RUNPATH_SEARCH_PATHS = "$(inherited) @executable_path/Frameworks";
				PRODUCT_BUNDLE_IDENTIFIER = com.syswin.LoginDemo;
				PRODUCT_NAME = "$(TARGET_NAME)";
				SWIFT_VERSION = 3.0;
			};
			name = Release;
		};
		FB4F67C61EE1479900B9DEA7 /* Debug */ = {
			isa = XCBuildConfiguration;
			buildSettings = {
				ALWAYS_EMBED_SWIFT_STANDARD_LIBRARIES = YES;
				BUNDLE_LOADER = "$(TEST_HOST)";
				DEVELOPMENT_TEAM = Q8U4HNGC2V;
				INFOPLIST_FILE = LoginDemoTests/Info.plist;
				LD_RUNPATH_SEARCH_PATHS = "$(inherited) @executable_path/Frameworks @loader_path/Frameworks";
				PRODUCT_BUNDLE_IDENTIFIER = com.syswin.LoginDemoTests;
				PRODUCT_NAME = "$(TARGET_NAME)";
				SWIFT_VERSION = 3.0;
				TEST_HOST = "$(BUILT_PRODUCTS_DIR)/LoginDemo.app/LoginDemo";
			};
			name = Debug;
		};
		FB4F67C71EE1479900B9DEA7 /* Release */ = {
			isa = XCBuildConfiguration;
			buildSettings = {
				ALWAYS_EMBED_SWIFT_STANDARD_LIBRARIES = YES;
				BUNDLE_LOADER = "$(TEST_HOST)";
				DEVELOPMENT_TEAM = Q8U4HNGC2V;
				INFOPLIST_FILE = LoginDemoTests/Info.plist;
				LD_RUNPATH_SEARCH_PATHS = "$(inherited) @executable_path/Frameworks @loader_path/Frameworks";
				PRODUCT_BUNDLE_IDENTIFIER = com.syswin.LoginDemoTests;
				PRODUCT_NAME = "$(TARGET_NAME)";
				SWIFT_VERSION = 3.0;
				TEST_HOST = "$(BUILT_PRODUCTS_DIR)/LoginDemo.app/LoginDemo";
			};
			name = Release;
		};
		FB4F67C91EE1479900B9DEA7 /* Debug */ = {
			isa = XCBuildConfiguration;
			buildSettings = {
				ALWAYS_EMBED_SWIFT_STANDARD_LIBRARIES = YES;
				DEVELOPMENT_TEAM = Q8U4HNGC2V;
				INFOPLIST_FILE = LoginDemoUITests/Info.plist;
				LD_RUNPATH_SEARCH_PATHS = "$(inherited) @executable_path/Frameworks @loader_path/Frameworks";
				PRODUCT_BUNDLE_IDENTIFIER = com.syswin.LoginDemoUITests;
				PRODUCT_NAME = "$(TARGET_NAME)";
				SWIFT_VERSION = 3.0;
				TEST_TARGET_NAME = LoginDemo;
			};
			name = Debug;
		};
		FB4F67CA1EE1479900B9DEA7 /* Release */ = {
			isa = XCBuildConfiguration;
			buildSettings = {
				ALWAYS_EMBED_SWIFT_STANDARD_LIBRARIES = YES;
				DEVELOPMENT_TEAM = Q8U4HNGC2V;
				INFOPLIST_FILE = LoginDemoUITests/Info.plist;
				LD_RUNPATH_SEARCH_PATHS = "$(inherited) @executable_path/Frameworks @loader_path/Frameworks";
				PRODUCT_BUNDLE_IDENTIFIER = com.syswin.LoginDemoUITests;
				PRODUCT_NAME = "$(TARGET_NAME)";
				SWIFT_VERSION = 3.0;
				TEST_TARGET_NAME = LoginDemo;
			};
			name = Release;
		};
/* End XCBuildConfiguration section */

/* Begin XCConfigurationList section */
		FB4F67951EE1479900B9DEA7 /* Build configuration list for PBXProject "LoginDemo" */ = {
			isa = XCConfigurationList;
			buildConfigurations = (
				FB4F67C01EE1479900B9DEA7 /* Debug */,
				FB4F67C11EE1479900B9DEA7 /* Release */,
			);
			defaultConfigurationIsVisible = 0;
			defaultConfigurationName = Release;
		};
		FB4F67C21EE1479900B9DEA7 /* Build configuration list for PBXNativeTarget "LoginDemo" */ = {
			isa = XCConfigurationList;
			buildConfigurations = (
				FB4F67C31EE1479900B9DEA7 /* Debug */,
				FB4F67C41EE1479900B9DEA7 /* Release */,
			);
			defaultConfigurationIsVisible = 0;
			defaultConfigurationName = Release;
		};
		FB4F67C51EE1479900B9DEA7 /* Build configuration list for PBXNativeTarget "LoginDemoTests" */ = {
			isa = XCConfigurationList;
			buildConfigurations = (
				FB4F67C61EE1479900B9DEA7 /* Debug */,
				FB4F67C71EE1479900B9DEA7 /* Release */,
			);
			defaultConfigurationIsVisible = 0;
			defaultConfigurationName = Release;
		};
		FB4F67C81EE1479900B9DEA7 /* Build configuration list for PBXNativeTarget "LoginDemoUITests" */ = {
			isa = XCConfigurationList;
			buildConfigurations = (
				FB4F67C91EE1479900B9DEA7 /* Debug */,
				FB4F67CA1EE1479900B9DEA7 /* Release */,
			);
			defaultConfigurationIsVisible = 0;
			defaultConfigurationName = Release;
		};
/* End XCConfigurationList section */
	};
	rootObject = FB4F67921EE1479900B9DEA7 /* Project object */;
}
